// !$*UTF8*$!
{
	archiveVersion = 1;
	classes = {
	};
	objectVersion = 50;
	objects = {

/* Begin PBXBuildFile section */
		84B7BD0A23A1017E00C76A88 /* AppDelegate.swift in Sources */ = {isa = PBXBuildFile; fileRef = 84B7BD0923A1017E00C76A88 /* AppDelegate.swift */; };
		84B7BD0C23A1017E00C76A88 /* SceneDelegate.swift in Sources */ = {isa = PBXBuildFile; fileRef = 84B7BD0B23A1017E00C76A88 /* SceneDelegate.swift */; };
		84B7BD1123A1017E00C76A88 /* Main.storyboard in Resources */ = {isa = PBXBuildFile; fileRef = 84B7BD0F23A1017E00C76A88 /* Main.storyboard */; };
		84B7BD1323A1017E00C76A88 /* Assets.xcassets in Resources */ = {isa = PBXBuildFile; fileRef = 84B7BD1223A1017E00C76A88 /* Assets.xcassets */; };
		84B7BD1623A1017E00C76A88 /* LaunchScreen.storyboard in Resources */ = {isa = PBXBuildFile; fileRef = 84B7BD1423A1017E00C76A88 /* LaunchScreen.storyboard */; };
		84B7BD1E23A1020700C76A88 /* TableViewController.swift in Sources */ = {isa = PBXBuildFile; fileRef = 84B7BD1D23A1020700C76A88 /* TableViewController.swift */; };
		84B7BD2023A1074300C76A88 /* CoreDataStack.swift in Sources */ = {isa = PBXBuildFile; fileRef = 84B7BD1F23A1074300C76A88 /* CoreDataStack.swift */; };
		84B7BD2D23A1156F00C76A88 /* Person+CoreDataProperties.swift in Sources */ = {isa = PBXBuildFile; fileRef = 84B7BD2723A10F1A00C76A88 /* Person+CoreDataProperties.swift */; };
		84B7BD2E23A1156F00C76A88 /* Person+CoreDataClass.swift in Sources */ = {isa = PBXBuildFile; fileRef = 84B7BD2623A10F1A00C76A88 /* Person+CoreDataClass.swift */; };
		84B7BD2F23A1156F00C76A88 /* Meal+CoreDataProperties.swift in Sources */ = {isa = PBXBuildFile; fileRef = 84B7BD2523A10F1A00C76A88 /* Meal+CoreDataProperties.swift */; };
		84B7BD3023A1156F00C76A88 /* Meal+CoreDataClass.swift in Sources */ = {isa = PBXBuildFile; fileRef = 84B7BD2423A10F1A00C76A88 /* Meal+CoreDataClass.swift */; };
		84B7BD3123A121E200C76A88 /* CoreDataMealTime.xcdatamodeld in Sources */ = {isa = PBXBuildFile; fileRef = 84B7BD2123A10DC900C76A88 /* CoreDataMealTime.xcdatamodeld */; };
/* End PBXBuildFile section */

/* Begin PBXFileReference section */
		84B7BD0623A1017E00C76A88 /* CoreDataMealTime.app */ = {isa = PBXFileReference; explicitFileType = wrapper.application; includeInIndex = 0; path = CoreDataMealTime.app; sourceTree = BUILT_PRODUCTS_DIR; };
		84B7BD0923A1017E00C76A88 /* AppDelegate.swift */ = {isa = PBXFileReference; lastKnownFileType = sourcecode.swift; path = AppDelegate.swift; sourceTree = "<group>"; };
		84B7BD0B23A1017E00C76A88 /* SceneDelegate.swift */ = {isa = PBXFileReference; lastKnownFileType = sourcecode.swift; path = SceneDelegate.swift; sourceTree = "<group>"; };
		84B7BD1023A1017E00C76A88 /* Base */ = {isa = PBXFileReference; lastKnownFileType = file.storyboard; name = Base; path = Base.lproj/Main.storyboard; sourceTree = "<group>"; };
		84B7BD1223A1017E00C76A88 /* Assets.xcassets */ = {isa = PBXFileReference; lastKnownFileType = folder.assetcatalog; path = Assets.xcassets; sourceTree = "<group>"; };
		84B7BD1523A1017E00C76A88 /* Base */ = {isa = PBXFileReference; lastKnownFileType = file.storyboard; name = Base; path = Base.lproj/LaunchScreen.storyboard; sourceTree = "<group>"; };
		84B7BD1723A1017E00C76A88 /* Info.plist */ = {isa = PBXFileReference; lastKnownFileType = text.plist.xml; path = Info.plist; sourceTree = "<group>"; };
		84B7BD1D23A1020700C76A88 /* TableViewController.swift */ = {isa = PBXFileReference; lastKnownFileType = sourcecode.swift; path = TableViewController.swift; sourceTree = "<group>"; };
		84B7BD1F23A1074300C76A88 /* CoreDataStack.swift */ = {isa = PBXFileReference; lastKnownFileType = sourcecode.swift; path = CoreDataStack.swift; sourceTree = "<group>"; };
		84B7BD2223A10DC900C76A88 /* CoreDataMealTime.xcdatamodel */ = {isa = PBXFileReference; lastKnownFileType = wrapper.xcdatamodel; path = CoreDataMealTime.xcdatamodel; sourceTree = "<group>"; };
		84B7BD2423A10F1A00C76A88 /* Meal+CoreDataClass.swift */ = {isa = PBXFileReference; lastKnownFileType = sourcecode.swift; path = "Meal+CoreDataClass.swift"; sourceTree = "<group>"; };
		84B7BD2523A10F1A00C76A88 /* Meal+CoreDataProperties.swift */ = {isa = PBXFileReference; lastKnownFileType = sourcecode.swift; path = "Meal+CoreDataProperties.swift"; sourceTree = "<group>"; };
		84B7BD2623A10F1A00C76A88 /* Person+CoreDataClass.swift */ = {isa = PBXFileReference; lastKnownFileType = sourcecode.swift; path = "Person+CoreDataClass.swift"; sourceTree = "<group>"; };
		84B7BD2723A10F1A00C76A88 /* Person+CoreDataProperties.swift */ = {isa = PBXFileReference; lastKnownFileType = sourcecode.swift; path = "Person+CoreDataProperties.swift"; sourceTree = "<group>"; };
/* End PBXFileReference section */

/* Begin PBXFrameworksBuildPhase section */
		84B7BD0323A1017E00C76A88 /* Frameworks */ = {
			isa = PBXFrameworksBuildPhase;
			buildActionMask = 2147483647;
			files = (
			);
			runOnlyForDeploymentPostprocessing = 0;
		};
/* End PBXFrameworksBuildPhase section */

/* Begin PBXGroup section */
		84B7BCFD23A1017E00C76A88 = {
			isa = PBXGroup;
			children = (
				84B7BD0823A1017E00C76A88 /* CoreDataMealTime */,
				84B7BD0723A1017E00C76A88 /* Products */,
			);
			sourceTree = "<group>";
		};
		84B7BD0723A1017E00C76A88 /* Products */ = {
			isa = PBXGroup;
			children = (
				84B7BD0623A1017E00C76A88 /* CoreDataMealTime.app */,
			);
			name = Products;
			sourceTree = "<group>";
		};
		84B7BD0823A1017E00C76A88 /* CoreDataMealTime */ = {
			isa = PBXGroup;
			children = (
				84B7BD0923A1017E00C76A88 /* AppDelegate.swift */,
				84B7BD0B23A1017E00C76A88 /* SceneDelegate.swift */,
				84B7BD1D23A1020700C76A88 /* TableViewController.swift */,
				84B7BD1F23A1074300C76A88 /* CoreDataStack.swift */,
				84B7BD0F23A1017E00C76A88 /* Main.storyboard */,
				84B7BD1223A1017E00C76A88 /* Assets.xcassets */,
				84B7BD1423A1017E00C76A88 /* LaunchScreen.storyboard */,
				84B7BD1723A1017E00C76A88 /* Info.plist */,
				84B7BD2123A10DC900C76A88 /* CoreDataMealTime.xcdatamodeld */,
				84B7BD2C23A1109200C76A88 /* CoreDataModel */,
			);
			path = CoreDataMealTime;
			sourceTree = "<group>";
		};
		84B7BD2C23A1109200C76A88 /* CoreDataModel */ = {
			isa = PBXGroup;
			children = (
				84B7BD2723A10F1A00C76A88 /* Person+CoreDataProperties.swift */,
				84B7BD2623A10F1A00C76A88 /* Person+CoreDataClass.swift */,
				84B7BD2523A10F1A00C76A88 /* Meal+CoreDataProperties.swift */,
				84B7BD2423A10F1A00C76A88 /* Meal+CoreDataClass.swift */,
			);
			path = CoreDataModel;
			sourceTree = "<group>";
		};
/* End PBXGroup section */

/* Begin PBXNativeTarget section */
		84B7BD0523A1017E00C76A88 /* CoreDataMealTime */ = {
			isa = PBXNativeTarget;
			buildConfigurationList = 84B7BD1A23A1017E00C76A88 /* Build configuration list for PBXNativeTarget "CoreDataMealTime" */;
			buildPhases = (
				84B7BD0223A1017E00C76A88 /* Sources */,
				84B7BD0323A1017E00C76A88 /* Frameworks */,
				84B7BD0423A1017E00C76A88 /* Resources */,
			);
			buildRules = (
			);
			dependencies = (
			);
			name = CoreDataMealTime;
			productName = CoreDataMealTime;
			productReference = 84B7BD0623A1017E00C76A88 /* CoreDataMealTime.app */;
			productType = "com.apple.product-type.application";
		};
/* End PBXNativeTarget section */

/* Begin PBXProject section */
		84B7BCFE23A1017E00C76A88 /* Project object */ = {
			isa = PBXProject;
			attributes = {
				LastSwiftUpdateCheck = 1120;
				LastUpgradeCheck = 1120;
				ORGANIZATIONNAME = sergei;
				TargetAttributes = {
					84B7BD0523A1017E00C76A88 = {
						CreatedOnToolsVersion = 11.2.1;
					};
				};
			};
			buildConfigurationList = 84B7BD0123A1017E00C76A88 /* Build configuration list for PBXProject "CoreDataMealTime" */;
			compatibilityVersion = "Xcode 9.3";
			developmentRegion = en;
			hasScannedForEncodings = 0;
			knownRegions = (
				en,
				Base,
			);
			mainGroup = 84B7BCFD23A1017E00C76A88;
			productRefGroup = 84B7BD0723A1017E00C76A88 /* Products */;
			projectDirPath = "";
			projectRoot = "";
			targets = (
				84B7BD0523A1017E00C76A88 /* CoreDataMealTime */,
			);
		};
/* End PBXProject section */

/* Begin PBXResourcesBuildPhase section */
		84B7BD0423A1017E00C76A88 /* Resources */ = {
			isa = PBXResourcesBuildPhase;
			buildActionMask = 2147483647;
			files = (
				84B7BD1623A1017E00C76A88 /* LaunchScreen.storyboard in Resources */,
				84B7BD1323A1017E00C76A88 /* Assets.xcassets in Resources */,
				84B7BD1123A1017E00C76A88 /* Main.storyboard in Resources */,
			);
			runOnlyForDeploymentPostprocessing = 0;
		};
/* End PBXResourcesBuildPhase section */

/* Begin PBXSourcesBuildPhase section */
		84B7BD0223A1017E00C76A88 /* Sources */ = {
			isa = PBXSourcesBuildPhase;
			buildActionMask = 2147483647;
			files = (
				84B7BD3123A121E200C76A88 /* CoreDataMealTime.xcdatamodeld in Sources */,
				84B7BD2D23A1156F00C76A88 /* Person+CoreDataProperties.swift in Sources */,
				84B7BD2E23A1156F00C76A88 /* Person+CoreDataClass.swift in Sources */,
				84B7BD2F23A1156F00C76A88 /* Meal+CoreDataProperties.swift in Sources */,
				84B7BD3023A1156F00C76A88 /* Meal+CoreDataClass.swift in Sources */,
				84B7BD0A23A1017E00C76A88 /* AppDelegate.swift in Sources */,
				84B7BD1E23A1020700C76A88 /* TableViewController.swift in Sources */,
				84B7BD0C23A1017E00C76A88 /* SceneDelegate.swift in Sources */,
				84B7BD2023A1074300C76A88 /* CoreDataStack.swift in Sources */,
			);
			runOnlyForDeploymentPostprocessing = 0;
		};
/* End PBXSourcesBuildPhase section */

/* Begin PBXVariantGroup section */
		84B7BD0F23A1017E00C76A88 /* Main.storyboard */ = {
			isa = PBXVariantGroup;
			children = (
				84B7BD1023A1017E00C76A88 /* Base */,
			);
			name = Main.storyboard;
			sourceTree = "<group>";
		};
		84B7BD1423A1017E00C76A88 /* LaunchScreen.storyboard */ = {
			isa = PBXVariantGroup;
			children = (
				84B7BD1523A1017E00C76A88 /* Base */,
			);
			name = LaunchScreen.storyboard;
			sourceTree = "<group>";
		};
/* End PBXVariantGroup section */

/* Begin XCBuildConfiguration section */
		84B7BD1823A1017E00C76A88 /* Debug */ = {
			isa = XCBuildConfiguration;
			buildSettings = {
				ALWAYS_SEARCH_USER_PATHS = NO;
				CLANG_ANALYZER_NONNULL = YES;
				CLANG_ANALYZER_NUMBER_OBJECT_CONVERSION = YES_AGGRESSIVE;
				CLANG_CXX_LANGUAGE_STANDARD = "gnu++14";
				CLANG_CXX_LIBRARY = "libc++";
				CLANG_ENABLE_MODULES = YES;
				CLANG_ENABLE_OBJC_ARC = YES;
				CLANG_ENABLE_OBJC_WEAK = YES;
				CLANG_WARN_BLOCK_CAPTURE_AUTORELEASING = YES;
				CLANG_WARN_BOOL_CONVERSION = YES;
				CLANG_WARN_COMMA = YES;
				CLANG_WARN_CONSTANT_CONVERSION = YES;
				CLANG_WARN_DEPRECATED_OBJC_IMPLEMENTATIONS = YES;
				CLANG_WARN_DIRECT_OBJC_ISA_USAGE = YES_ERROR;
				CLANG_WARN_DOCUMENTATION_COMMENTS = YES;
				CLANG_WARN_EMPTY_BODY = YES;
				CLANG_WARN_ENUM_CONVERSION = YES;
				CLANG_WARN_INFINITE_RECURSION = YES;
				CLANG_WARN_INT_CONVERSION = YES;
				CLANG_WARN_NON_LITERAL_NULL_CONVERSION = YES;
				CLANG_WARN_OBJC_IMPLICIT_RETAIN_SELF = YES;
				CLANG_WARN_OBJC_LITERAL_CONVERSION = YES;
				CLANG_WARN_OBJC_ROOT_CLASS = YES_ERROR;
				CLANG_WARN_RANGE_LOOP_ANALYSIS = YES;
				CLANG_WARN_STRICT_PROTOTYPES = YES;
				CLANG_WARN_SUSPICIOUS_MOVE = YES;
				CLANG_WARN_UNGUARDED_AVAILABILITY = YES_AGGRESSIVE;
				CLANG_WARN_UNREACHABLE_CODE = YES;
				CLANG_WARN__DUPLICATE_METHOD_MATCH = YES;
				COPY_PHASE_STRIP = NO;
				DEBUG_INFORMATION_FORMAT = dwarf;
				ENABLE_STRICT_OBJC_MSGSEND = YES;
				ENABLE_TESTABILITY = YES;
				GCC_C_LANGUAGE_STANDARD = gnu11;
				GCC_DYNAMIC_NO_PIC = NO;
				GCC_NO_COMMON_BLOCKS = YES;
				GCC_OPTIMIZATION_LEVEL = 0;
				GCC_PREPROCESSOR_DEFINITIONS = (
					"DEBUG=1",
					"$(inherited)",
				);
				GCC_WARN_64_TO_32_BIT_CONVERSION = YES;
				GCC_WARN_ABOUT_RETURN_TYPE = YES_ERROR;
				GCC_WARN_UNDECLARED_SELECTOR = YES;
				GCC_WARN_UNINITIALIZED_AUTOS = YES_AGGRESSIVE;
				GCC_WARN_UNUSED_FUNCTION = YES;
				GCC_WARN_UNUSED_VARIABLE = YES;
				IPHONEOS_DEPLOYMENT_TARGET = 13.2;
				MTL_ENABLE_DEBUG_INFO = INCLUDE_SOURCE;
				MTL_FAST_MATH = YES;
				ONLY_ACTIVE_ARCH = YES;
				SDKROOT = iphoneos;
				SWIFT_ACTIVE_COMPILATION_CONDITIONS = DEBUG;
				SWIFT_OPTIMIZATION_LEVEL = "-Onone";
			};
			name = Debug;
		};
		84B7BD1923A1017E00C76A88 /* Release */ = {
			isa = XCBuildConfiguration;
			buildSettings = {
				ALWAYS_SEARCH_USER_PATHS = NO;
				CLANG_ANALYZER_NONNULL = YES;
				CLANG_ANALYZER_NUMBER_OBJECT_CONVERSION = YES_AGGRESSIVE;
				CLANG_CXX_LANGUAGE_STANDARD = "gnu++14";
				CLANG_CXX_LIBRARY = "libc++";
				CLANG_ENABLE_MODULES = YES;
				CLANG_ENABLE_OBJC_ARC = YES;
				CLANG_ENABLE_OBJC_WEAK = YES;
				CLANG_WARN_BLOCK_CAPTURE_AUTORELEASING = YES;
				CLANG_WARN_BOOL_CONVERSION = YES;
				CLANG_WARN_COMMA = YES;
				CLANG_WARN_CONSTANT_CONVERSION = YES;
				CLANG_WARN_DEPRECATED_OBJC_IMPLEMENTATIONS = YES;
				CLANG_WARN_DIRECT_OBJC_ISA_USAGE = YES_ERROR;
				CLANG_WARN_DOCUMENTATION_COMMENTS = YES;
				CLANG_WARN_EMPTY_BODY = YES;
				CLANG_WARN_ENUM_CONVERSION = YES;
				CLANG_WARN_INFINITE_RECURSION = YES;
				CLANG_WARN_INT_CONVERSION = YES;
				CLANG_WARN_NON_LITERAL_NULL_CONVERSION = YES;
				CLANG_WARN_OBJC_IMPLICIT_RETAIN_SELF = YES;
				CLANG_WARN_OBJC_LITERAL_CONVERSION = YES;
				CLANG_WARN_OBJC_ROOT_CLASS = YES_ERROR;
				CLANG_WARN_RANGE_LOOP_ANALYSIS = YES;
				CLANG_WARN_STRICT_PROTOTYPES = YES;
				CLANG_WARN_SUSPICIOUS_MOVE = YES;
				CLANG_WARN_UNGUARDED_AVAILABILITY = YES_AGGRESSIVE;
				CLANG_WARN_UNREACHABLE_CODE = YES;
				CLANG_WARN__DUPLICATE_METHOD_MATCH = YES;
				COPY_PHASE_STRIP = NO;
				DEBUG_INFORMATION_FORMAT = "dwarf-with-dsym";
				ENABLE_NS_ASSERTIONS = NO;
				ENABLE_STRICT_OBJC_MSGSEND = YES;
				GCC_C_LANGUAGE_STANDARD = gnu11;
				GCC_NO_COMMON_BLOCKS = YES;
				GCC_WARN_64_TO_32_BIT_CONVERSION = YES;
				GCC_WARN_ABOUT_RETURN_TYPE = YES_ERROR;
				GCC_WARN_UNDECLARED_SELECTOR = YES;
				GCC_WARN_UNINITIALIZED_AUTOS = YES_AGGRESSIVE;
				GCC_WARN_UNUSED_FUNCTION = YES;
				GCC_WARN_UNUSED_VARIABLE = YES;
				IPHONEOS_DEPLOYMENT_TARGET = 13.2;
				MTL_ENABLE_DEBUG_INFO = NO;
				MTL_FAST_MATH = YES;
				SDKROOT = iphoneos;
				SWIFT_COMPILATION_MODE = wholemodule;
				SWIFT_OPTIMIZATION_LEVEL = "-O";
				VALIDATE_PRODUCT = YES;
			};
			name = Release;
		};
		84B7BD1B23A1017E00C76A88 /* Debug */ = {
			isa = XCBuildConfiguration;
			buildSettings = {
				ASSETCATALOG_COMPILER_APPICON_NAME = AppIcon;
				CODE_SIGN_STYLE = Automatic;
				DEVELOPMENT_TEAM = T9J4NZ3WXD;
				INFOPLIST_FILE = CoreDataMealTime/Info.plist;
				LD_RUNPATH_SEARCH_PATHS = (
					"$(inherited)",
					"@executable_path/Frameworks",
				);
				PRODUCT_BUNDLE_IDENTIFIER = com.sais.CoreDataMealTime;
				PRODUCT_NAME = "$(TARGET_NAME)";
				SWIFT_VERSION = 5.0;
				TARGETED_DEVICE_FAMILY = "1,2";
			};
			name = Debug;
		};
		84B7BD1C23A1017E00C76A88 /* Release */ = {
			isa = XCBuildConfiguration;
			buildSettings = {
				ASSETCATALOG_COMPILER_APPICON_NAME = AppIcon;
				CODE_SIGN_STYLE = Automatic;
				DEVELOPMENT_TEAM = T9J4NZ3WXD;
				INFOPLIST_FILE = CoreDataMealTime/Info.plist;
				LD_RUNPATH_SEARCH_PATHS = (
					"$(inherited)",
					"@executable_path/Frameworks",
				);
				PRODUCT_BUNDLE_IDENTIFIER = com.sais.CoreDataMealTime;
				PRODUCT_NAME = "$(TARGET_NAME)";
				SWIFT_VERSION = 5.0;
				TARGETED_DEVICE_FAMILY = "1,2";
			};
			name = Release;
		};
/* End XCBuildConfiguration section */

/* Begin XCConfigurationList section */
		84B7BD0123A1017E00C76A88 /* Build configuration list for PBXProject "CoreDataMealTime" */ = {
			isa = XCConfigurationList;
			buildConfigurations = (
				84B7BD1823A1017E00C76A88 /* Debug */,
				84B7BD1923A1017E00C76A88 /* Release */,
			);
			defaultConfigurationIsVisible = 0;
			defaultConfigurationName = Release;
		};
		84B7BD1A23A1017E00C76A88 /* Build configuration list for PBXNativeTarget "CoreDataMealTime" */ = {
			isa = XCConfigurationList;
			buildConfigurations = (
				84B7BD1B23A1017E00C76A88 /* Debug */,
				84B7BD1C23A1017E00C76A88 /* Release */,
			);
			defaultConfigurationIsVisible = 0;
			defaultConfigurationName = Release;
		};
/* End XCConfigurationList section */

/* Begin XCVersionGroup section */
		84B7BD2123A10DC900C76A88 /* CoreDataMealTime.xcdatamodeld */ = {
			isa = XCVersionGroup;
			children = (
				84B7BD2223A10DC900C76A88 /* CoreDataMealTime.xcdatamodel */,
			);
			currentVersion = 84B7BD2223A10DC900C76A88 /* CoreDataMealTime.xcdatamodel */;
			path = CoreDataMealTime.xcdatamodeld;
			sourceTree = "<group>";
			versionGroupType = wrapper.xcdatamodel;
		};
/* End XCVersionGroup section */
	};
	rootObject = 84B7BCFE23A1017E00C76A88 /* Project object */;
}
